
Microsoft Visual Studio Solution File, Format Version 12.00
# Visual Studio 15
VisualStudioVersion = 15.0.28307.1684
MinimumVisualStudioVersion = 10.0.40219.1
Project("{FAE04EC0-301F-11D3-BF4B-00C04F79EFBC}") = "MVC2EFSecured.UI.MVC", "MVC2EFSecured.UI.MVC\MVC2EFSecured.UI.MVC.csproj", "{38D55615-564A-4D07-8326-158A8A4DA47A}"
EndProject
Project("{FAE04EC0-301F-11D3-BF4B-00C04F79EFBC}") = "MVC2EFSecured.DATA.EF", "MVC2EFSecured.DATA.EF\MVC2EFSecured.DATA.EF.csproj", "{8BB2D4D6-8795-4D45-B2E8-A5C06D571914}"
EndProject
Global
	GlobalSection(SolutionConfigurationPlatforms) = preSolution
		Debug|Any CPU = Debug|Any CPU
		Release|Any CPU = Release|Any CPU
	EndGlobalSection
	GlobalSection(ProjectConfigurationPlatforms) = postSolution
		{38D55615-564A-4D07-8326-158A8A4DA47A}.Debug|Any CPU.ActiveCfg = Debug|Any CPU
		{38D55615-564A-4D07-8326-158A8A4DA47A}.Debug|Any CPU.Build.0 = Debug|Any CPU
		{38D55615-564A-4D07-8326-158A8A4DA47A}.Release|Any CPU.ActiveCfg = Release|Any CPU
		{38D55615-564A-4D07-8326-158A8A4DA47A}.Release|Any CPU.Build.0 = Release|Any CPU
		{8BB2D4D6-8795-4D45-B2E8-A5C06D571914}.Debug|Any CPU.ActiveCfg = Debug|Any CPU
		{8BB2D4D6-8795-4D45-B2E8-A5C06D571914}.Debug|Any CPU.Build.0 = Debug|Any CPU
		{8BB2D4D6-8795-4D45-B2E8-A5C06D571914}.Release|Any CPU.ActiveCfg = Release|Any CPU
		{8BB2D4D6-8795-4D45-B2E8-A5C06D571914}.Release|Any CPU.Build.0 = Release|Any CPU
	EndGlobalSection
	GlobalSection(SolutionProperties) = preSolution
		HideSolutionNode = FALSE
	EndGlobalSection
	GlobalSection(ExtensibilityGlobals) = postSolution
		SolutionGuid = {FE8AFB04-C201-4531-B78B-E2826319D178}
	EndGlobalSection
EndGlobal
