
Microsoft Visual Studio Solution File, Format Version 12.00
# Visual Studio 15
VisualStudioVersion = 15.0.28307.1684
MinimumVisualStudioVersion = 10.0.40219.1
Project("{FAE04EC0-301F-11D3-BF4B-00C04F79EFBC}") = "_1Monday", "_1Monday\_1Monday.csproj", "{C5B669FB-5DF7-4730-8695-ACA5A43BAFD6}"
EndProject
Project("{FAE04EC0-301F-11D3-BF4B-00C04F79EFBC}") = "SignaturesLibrary", "SignaturesLibrary\SignaturesLibrary.csproj", "{ECF10904-9B1D-428B-B828-566939E71454}"
EndProject
Project("{FAE04EC0-301F-11D3-BF4B-00C04F79EFBC}") = "DungeonApplication", "DungeonApplication\DungeonApplication.csproj", "{02D69BCB-C309-4AA9-88CC-29164E5A937C}"
EndProject
Project("{FAE04EC0-301F-11D3-BF4B-00C04F79EFBC}") = "_2Tuesday", "_2Tuesday\_2Tuesday.csproj", "{0972EDD3-235E-4A9A-821E-DE22F3B0B4FF}"
EndProject
Project("{FAE04EC0-301F-11D3-BF4B-00C04F79EFBC}") = "Charity", "Charity\Charity.csproj", "{CE386F07-2916-41D3-89D8-57C70FEE966C}"
EndProject
Project("{FAE04EC0-301F-11D3-BF4B-00C04F79EFBC}") = "_3Wednesday", "_3Wednesday\_3Wednesday.csproj", "{D791DFCC-EDEA-49DF-ABBD-80C962B16B59}"
EndProject
Project("{FAE04EC0-301F-11D3-BF4B-00C04F79EFBC}") = "DungeonLibrary", "DungeonLibrary\DungeonLibrary.csproj", "{EB0C1AB1-D975-4B25-9C01-B44929F01C51}"
EndProject
Project("{FAE04EC0-301F-11D3-BF4B-00C04F79EFBC}") = "University", "University\University.csproj", "{42AA03B9-3AD2-4458-8BD1-C40D15F69FE1}"
EndProject
Project("{FAE04EC0-301F-11D3-BF4B-00C04F79EFBC}") = "_4Thursday", "_4Thursday\_4Thursday.csproj", "{E4E12DF7-97B9-40EC-A9AA-E273DD73CE63}"
EndProject
Project("{FAE04EC0-301F-11D3-BF4B-00C04F79EFBC}") = "Store", "Store\Store.csproj", "{B7C43AEB-7AA2-4FE8-B927-453BA47137BE}"
EndProject
Project("{FAE04EC0-301F-11D3-BF4B-00C04F79EFBC}") = "DungeonMonster", "DungeonMonster\DungeonMonster.csproj", "{D0D6F7CA-54AC-41BC-8CDE-3FC33CB261CB}"
EndProject
Project("{FAE04EC0-301F-11D3-BF4B-00C04F79EFBC}") = "_5Friday", "TryCatchHandling\_5Friday.csproj", "{A39F8B8B-072B-461E-AF3C-35F43EE72CB7}"
EndProject
Project("{FAE04EC0-301F-11D3-BF4B-00C04F79EFBC}") = "BlackJack", "BlackJack\BlackJack.csproj", "{952BF664-CBCD-4D1D-AB97-C261FFD7C769}"
EndProject
Global
	GlobalSection(SolutionConfigurationPlatforms) = preSolution
		Debug|Any CPU = Debug|Any CPU
		Release|Any CPU = Release|Any CPU
	EndGlobalSection
	GlobalSection(ProjectConfigurationPlatforms) = postSolution
		{C5B669FB-5DF7-4730-8695-ACA5A43BAFD6}.Debug|Any CPU.ActiveCfg = Debug|Any CPU
		{C5B669FB-5DF7-4730-8695-ACA5A43BAFD6}.Debug|Any CPU.Build.0 = Debug|Any CPU
		{C5B669FB-5DF7-4730-8695-ACA5A43BAFD6}.Release|Any CPU.ActiveCfg = Release|Any CPU
		{C5B669FB-5DF7-4730-8695-ACA5A43BAFD6}.Release|Any CPU.Build.0 = Release|Any CPU
		{ECF10904-9B1D-428B-B828-566939E71454}.Debug|Any CPU.ActiveCfg = Debug|Any CPU
		{ECF10904-9B1D-428B-B828-566939E71454}.Debug|Any CPU.Build.0 = Debug|Any CPU
		{ECF10904-9B1D-428B-B828-566939E71454}.Release|Any CPU.ActiveCfg = Release|Any CPU
		{ECF10904-9B1D-428B-B828-566939E71454}.Release|Any CPU.Build.0 = Release|Any CPU
		{02D69BCB-C309-4AA9-88CC-29164E5A937C}.Debug|Any CPU.ActiveCfg = Debug|Any CPU
		{02D69BCB-C309-4AA9-88CC-29164E5A937C}.Debug|Any CPU.Build.0 = Debug|Any CPU
		{02D69BCB-C309-4AA9-88CC-29164E5A937C}.Release|Any CPU.ActiveCfg = Release|Any CPU
		{02D69BCB-C309-4AA9-88CC-29164E5A937C}.Release|Any CPU.Build.0 = Release|Any CPU
		{0972EDD3-235E-4A9A-821E-DE22F3B0B4FF}.Debug|Any CPU.ActiveCfg = Debug|Any CPU
		{0972EDD3-235E-4A9A-821E-DE22F3B0B4FF}.Debug|Any CPU.Build.0 = Debug|Any CPU
		{0972EDD3-235E-4A9A-821E-DE22F3B0B4FF}.Release|Any CPU.ActiveCfg = Release|Any CPU
		{0972EDD3-235E-4A9A-821E-DE22F3B0B4FF}.Release|Any CPU.Build.0 = Release|Any CPU
		{CE386F07-2916-41D3-89D8-57C70FEE966C}.Debug|Any CPU.ActiveCfg = Debug|Any CPU
		{CE386F07-2916-41D3-89D8-57C70FEE966C}.Debug|Any CPU.Build.0 = Debug|Any CPU
		{CE386F07-2916-41D3-89D8-57C70FEE966C}.Release|Any CPU.ActiveCfg = Release|Any CPU
		{CE386F07-2916-41D3-89D8-57C70FEE966C}.Release|Any CPU.Build.0 = Release|Any CPU
		{D791DFCC-EDEA-49DF-ABBD-80C962B16B59}.Debug|Any CPU.ActiveCfg = Debug|Any CPU
		{D791DFCC-EDEA-49DF-ABBD-80C962B16B59}.Debug|Any CPU.Build.0 = Debug|Any CPU
		{D791DFCC-EDEA-49DF-ABBD-80C962B16B59}.Release|Any CPU.ActiveCfg = Release|Any CPU
		{D791DFCC-EDEA-49DF-ABBD-80C962B16B59}.Release|Any CPU.Build.0 = Release|Any CPU
		{EB0C1AB1-D975-4B25-9C01-B44929F01C51}.Debug|Any CPU.ActiveCfg = Debug|Any CPU
		{EB0C1AB1-D975-4B25-9C01-B44929F01C51}.Debug|Any CPU.Build.0 = Debug|Any CPU
		{EB0C1AB1-D975-4B25-9C01-B44929F01C51}.Release|Any CPU.ActiveCfg = Release|Any CPU
		{EB0C1AB1-D975-4B25-9C01-B44929F01C51}.Release|Any CPU.Build.0 = Release|Any CPU
		{42AA03B9-3AD2-4458-8BD1-C40D15F69FE1}.Debug|Any CPU.ActiveCfg = Debug|Any CPU
		{42AA03B9-3AD2-4458-8BD1-C40D15F69FE1}.Debug|Any CPU.Build.0 = Debug|Any CPU
		{42AA03B9-3AD2-4458-8BD1-C40D15F69FE1}.Release|Any CPU.ActiveCfg = Release|Any CPU
		{42AA03B9-3AD2-4458-8BD1-C40D15F69FE1}.Release|Any CPU.Build.0 = Release|Any CPU
		{E4E12DF7-97B9-40EC-A9AA-E273DD73CE63}.Debug|Any CPU.ActiveCfg = Debug|Any CPU
		{E4E12DF7-97B9-40EC-A9AA-E273DD73CE63}.Debug|Any CPU.Build.0 = Debug|Any CPU
		{E4E12DF7-97B9-40EC-A9AA-E273DD73CE63}.Release|Any CPU.ActiveCfg = Release|Any CPU
		{E4E12DF7-97B9-40EC-A9AA-E273DD73CE63}.Release|Any CPU.Build.0 = Release|Any CPU
		{B7C43AEB-7AA2-4FE8-B927-453BA47137BE}.Debug|Any CPU.ActiveCfg = Debug|Any CPU
		{B7C43AEB-7AA2-4FE8-B927-453BA47137BE}.Debug|Any CPU.Build.0 = Debug|Any CPU
		{B7C43AEB-7AA2-4FE8-B927-453BA47137BE}.Release|Any CPU.ActiveCfg = Release|Any CPU
		{B7C43AEB-7AA2-4FE8-B927-453BA47137BE}.Release|Any CPU.Build.0 = Release|Any CPU
		{D0D6F7CA-54AC-41BC-8CDE-3FC33CB261CB}.Debug|Any CPU.ActiveCfg = Debug|Any CPU
		{D0D6F7CA-54AC-41BC-8CDE-3FC33CB261CB}.Debug|Any CPU.Build.0 = Debug|Any CPU
		{D0D6F7CA-54AC-41BC-8CDE-3FC33CB261CB}.Release|Any CPU.ActiveCfg = Release|Any CPU
		{D0D6F7CA-54AC-41BC-8CDE-3FC33CB261CB}.Release|Any CPU.Build.0 = Release|Any CPU
		{A39F8B8B-072B-461E-AF3C-35F43EE72CB7}.Debug|Any CPU.ActiveCfg = Debug|Any CPU
		{A39F8B8B-072B-461E-AF3C-35F43EE72CB7}.Debug|Any CPU.Build.0 = Debug|Any CPU
		{A39F8B8B-072B-461E-AF3C-35F43EE72CB7}.Release|Any CPU.ActiveCfg = Release|Any CPU
		{A39F8B8B-072B-461E-AF3C-35F43EE72CB7}.Release|Any CPU.Build.0 = Release|Any CPU
		{952BF664-CBCD-4D1D-AB97-C261FFD7C769}.Debug|Any CPU.ActiveCfg = Debug|Any CPU
		{952BF664-CBCD-4D1D-AB97-C261FFD7C769}.Debug|Any CPU.Build.0 = Debug|Any CPU
		{952BF664-CBCD-4D1D-AB97-C261FFD7C769}.Release|Any CPU.ActiveCfg = Release|Any CPU
		{952BF664-CBCD-4D1D-AB97-C261FFD7C769}.Release|Any CPU.Build.0 = Release|Any CPU
	EndGlobalSection
	GlobalSection(SolutionProperties) = preSolution
		HideSolutionNode = FALSE
	EndGlobalSection
	GlobalSection(ExtensibilityGlobals) = postSolution
		SolutionGuid = {369D01B6-D4BC-4DDE-B84B-DA8BC40B13D9}
	EndGlobalSection
EndGlobal
